
Microsoft Visual Studio Solution File, Format Version 12.00
# Visual Studio Version 16
VisualStudioVersion = 16.0.30523.141
MinimumVisualStudioVersion = 10.0.40219.1
Project("{9A19103F-16F7-4668-BE54-9A1E7A4F7556}") = "BusinessLogicLayer", "BusinessLogicLayer\BusinessLogicLayer.csproj", "{BED7778E-B519-4391-B91E-A512CC50D088}"
EndProject
Project("{9A19103F-16F7-4668-BE54-9A1E7A4F7556}") = "DataAccessLayer", "DataAccessLayer\DataAccessLayer.csproj", "{8B25EC80-7FBF-4049-BA9F-813C74FBD2D9}"
EndProject
Project("{9A19103F-16F7-4668-BE54-9A1E7A4F7556}") = "Models", "Models\Models.csproj", "{0BB2CCCF-2B47-4E12-856E-836A2D5205B9}"
EndProject
Project("{9A19103F-16F7-4668-BE54-9A1E7A4F7556}") = "Utility", "Utility\Utility.csproj", "{C957165E-EFB6-47A1-ADF0-799F600B1443}"
EndProject
Project("{9A19103F-16F7-4668-BE54-9A1E7A4F7556}") = "DistributorPortal", "DistributorPortal\DistributorPortal.csproj", "{1F7B8E97-FF72-4876-B63D-6D4B285E7735}"
EndProject
Project("{FAE04EC0-301F-11D3-BF4B-00C04F79EFBC}") = "SAPConfigurationAPI", "SAPConfigurationAPI\SAPConfigurationAPI.csproj", "{43585636-80FE-4260-895C-1FECCBDEFE5D}"
EndProject
Project("{9A19103F-16F7-4668-BE54-9A1E7A4F7556}") = "Scheduler", "Scheduler\Scheduler.csproj", "{119EF512-0575-48E4-BC45-2C6ADDF1A064}"
EndProject
Project("{FAE04EC0-301F-11D3-BF4B-00C04F79EFBC}") = "UserSystemInfo", "UserSystemInfo\UserSystemInfo.csproj", "{47B1B3F1-8DD1-46A6-AB91-3E8F70E66B22}"
EndProject
Project("{FAE04EC0-301F-11D3-BF4B-00C04F79EFBC}") = "UserLoginRegistration", "UserLoginRegistration\UserLoginRegistration.csproj", "{CF1672B7-C494-4096-80F5-90E9BB2CF171}"
EndProject
Project("{54435603-DBB4-11D2-8724-00A0C9A8B90C}") = "LoginSetup", "LoginSetup\LoginSetup.vdproj", "{A553C8A1-84E4-4790-8978-73893C0015E2}"
EndProject
Global
	GlobalSection(SolutionConfigurationPlatforms) = preSolution
		Debug|Any CPU = Debug|Any CPU
		Release|Any CPU = Release|Any CPU
	EndGlobalSection
	GlobalSection(ProjectConfigurationPlatforms) = postSolution
		{BED7778E-B519-4391-B91E-A512CC50D088}.Debug|Any CPU.ActiveCfg = Debug|Any CPU
		{BED7778E-B519-4391-B91E-A512CC50D088}.Debug|Any CPU.Build.0 = Debug|Any CPU
		{BED7778E-B519-4391-B91E-A512CC50D088}.Release|Any CPU.ActiveCfg = Release|Any CPU
		{BED7778E-B519-4391-B91E-A512CC50D088}.Release|Any CPU.Build.0 = Release|Any CPU
		{8B25EC80-7FBF-4049-BA9F-813C74FBD2D9}.Debug|Any CPU.ActiveCfg = Debug|Any CPU
		{8B25EC80-7FBF-4049-BA9F-813C74FBD2D9}.Debug|Any CPU.Build.0 = Debug|Any CPU
		{8B25EC80-7FBF-4049-BA9F-813C74FBD2D9}.Release|Any CPU.ActiveCfg = Release|Any CPU
		{8B25EC80-7FBF-4049-BA9F-813C74FBD2D9}.Release|Any CPU.Build.0 = Release|Any CPU
		{0BB2CCCF-2B47-4E12-856E-836A2D5205B9}.Debug|Any CPU.ActiveCfg = Debug|Any CPU
		{0BB2CCCF-2B47-4E12-856E-836A2D5205B9}.Debug|Any CPU.Build.0 = Debug|Any CPU
		{0BB2CCCF-2B47-4E12-856E-836A2D5205B9}.Release|Any CPU.ActiveCfg = Release|Any CPU
		{0BB2CCCF-2B47-4E12-856E-836A2D5205B9}.Release|Any CPU.Build.0 = Release|Any CPU
		{C957165E-EFB6-47A1-ADF0-799F600B1443}.Debug|Any CPU.ActiveCfg = Debug|Any CPU
		{C957165E-EFB6-47A1-ADF0-799F600B1443}.Debug|Any CPU.Build.0 = Debug|Any CPU
		{C957165E-EFB6-47A1-ADF0-799F600B1443}.Release|Any CPU.ActiveCfg = Release|Any CPU
		{C957165E-EFB6-47A1-ADF0-799F600B1443}.Release|Any CPU.Build.0 = Release|Any CPU
		{1F7B8E97-FF72-4876-B63D-6D4B285E7735}.Debug|Any CPU.ActiveCfg = Debug|Any CPU
		{1F7B8E97-FF72-4876-B63D-6D4B285E7735}.Debug|Any CPU.Build.0 = Debug|Any CPU
		{1F7B8E97-FF72-4876-B63D-6D4B285E7735}.Release|Any CPU.ActiveCfg = Release|Any CPU
		{1F7B8E97-FF72-4876-B63D-6D4B285E7735}.Release|Any CPU.Build.0 = Release|Any CPU
		{43585636-80FE-4260-895C-1FECCBDEFE5D}.Debug|Any CPU.ActiveCfg = Debug|Any CPU
		{43585636-80FE-4260-895C-1FECCBDEFE5D}.Debug|Any CPU.Build.0 = Debug|Any CPU
		{43585636-80FE-4260-895C-1FECCBDEFE5D}.Release|Any CPU.ActiveCfg = Release|Any CPU
		{43585636-80FE-4260-895C-1FECCBDEFE5D}.Release|Any CPU.Build.0 = Release|Any CPU
		{119EF512-0575-48E4-BC45-2C6ADDF1A064}.Debug|Any CPU.ActiveCfg = Debug|Any CPU
		{119EF512-0575-48E4-BC45-2C6ADDF1A064}.Debug|Any CPU.Build.0 = Debug|Any CPU
		{119EF512-0575-48E4-BC45-2C6ADDF1A064}.Release|Any CPU.ActiveCfg = Release|Any CPU
		{119EF512-0575-48E4-BC45-2C6ADDF1A064}.Release|Any CPU.Build.0 = Release|Any CPU
		{47B1B3F1-8DD1-46A6-AB91-3E8F70E66B22}.Debug|Any CPU.ActiveCfg = Debug|Any CPU
		{47B1B3F1-8DD1-46A6-AB91-3E8F70E66B22}.Debug|Any CPU.Build.0 = Debug|Any CPU
		{47B1B3F1-8DD1-46A6-AB91-3E8F70E66B22}.Release|Any CPU.ActiveCfg = Release|Any CPU
		{47B1B3F1-8DD1-46A6-AB91-3E8F70E66B22}.Release|Any CPU.Build.0 = Release|Any CPU
		{CF1672B7-C494-4096-80F5-90E9BB2CF171}.Debug|Any CPU.ActiveCfg = Debug|Any CPU
		{CF1672B7-C494-4096-80F5-90E9BB2CF171}.Debug|Any CPU.Build.0 = Debug|Any CPU
		{CF1672B7-C494-4096-80F5-90E9BB2CF171}.Release|Any CPU.ActiveCfg = Release|Any CPU
		{CF1672B7-C494-4096-80F5-90E9BB2CF171}.Release|Any CPU.Build.0 = Release|Any CPU
		{A553C8A1-84E4-4790-8978-73893C0015E2}.Debug|Any CPU.ActiveCfg = Debug
		{A553C8A1-84E4-4790-8978-73893C0015E2}.Release|Any CPU.ActiveCfg = Release
	EndGlobalSection
	GlobalSection(SolutionProperties) = preSolution
		HideSolutionNode = FALSE
	EndGlobalSection
	GlobalSection(ExtensibilityGlobals) = postSolution
		SolutionGuid = {CC2DA44D-6E00-45ED-BABA-B0F71699AD41}
	EndGlobalSection
EndGlobal
